
Microsoft Visual Studio Solution File, Format Version 12.00
# Visual Studio Version 17
VisualStudioVersion = 17.6.33723.286
MinimumVisualStudioVersion = 10.0.40219.1
Project("{FAE04EC0-301F-11D3-BF4B-00C04F79EFBC}") = "ExchangerateApi", "ExchangerateApi\ExchangerateApi.csproj", "{F88AAF25-D712-4AA9-AFD7-B2845481A248}"
EndProject
Project("{FAE04EC0-301F-11D3-BF4B-00C04F79EFBC}") = "Exchangerate.Integration", "Exchangerate.Integration\Exchangerate.Integration.csproj", "{1E4FD1B8-98E3-401C-B919-19984EEE1330}"
EndProject
Project("{FAE04EC0-301F-11D3-BF4B-00C04F79EFBC}") = "Exchangerate.Classes", "Exchangerate.Classes\Exchangerate.Classes.csproj", "{0848289A-24CB-489F-A32A-3632C1282DB2}"
EndProject
Global
	GlobalSection(SolutionConfigurationPlatforms) = preSolution
		Debug|Any CPU = Debug|Any CPU
		Release|Any CPU = Release|Any CPU
	EndGlobalSection
	GlobalSection(ProjectConfigurationPlatforms) = postSolution
		{F88AAF25-D712-4AA9-AFD7-B2845481A248}.Debug|Any CPU.ActiveCfg = Debug|Any CPU
		{F88AAF25-D712-4AA9-AFD7-B2845481A248}.Debug|Any CPU.Build.0 = Debug|Any CPU
		{F88AAF25-D712-4AA9-AFD7-B2845481A248}.Release|Any CPU.ActiveCfg = Release|Any CPU
		{F88AAF25-D712-4AA9-AFD7-B2845481A248}.Release|Any CPU.Build.0 = Release|Any CPU
		{1E4FD1B8-98E3-401C-B919-19984EEE1330}.Debug|Any CPU.ActiveCfg = Debug|Any CPU
		{1E4FD1B8-98E3-401C-B919-19984EEE1330}.Debug|Any CPU.Build.0 = Debug|Any CPU
		{1E4FD1B8-98E3-401C-B919-19984EEE1330}.Release|Any CPU.ActiveCfg = Release|Any CPU
		{1E4FD1B8-98E3-401C-B919-19984EEE1330}.Release|Any CPU.Build.0 = Release|Any CPU
		{0848289A-24CB-489F-A32A-3632C1282DB2}.Debug|Any CPU.ActiveCfg = Debug|Any CPU
		{0848289A-24CB-489F-A32A-3632C1282DB2}.Debug|Any CPU.Build.0 = Debug|Any CPU
		{0848289A-24CB-489F-A32A-3632C1282DB2}.Release|Any CPU.ActiveCfg = Release|Any CPU
		{0848289A-24CB-489F-A32A-3632C1282DB2}.Release|Any CPU.Build.0 = Release|Any CPU
	EndGlobalSection
	GlobalSection(SolutionProperties) = preSolution
		HideSolutionNode = FALSE
	EndGlobalSection
	GlobalSection(ExtensibilityGlobals) = postSolution
		SolutionGuid = {B1BBB198-0056-46EC-9417-0B5E8ED9640B}
	EndGlobalSection
EndGlobal
